
Microsoft Visual Studio Solution File, Format Version 12.00
# Visual Studio 15
VisualStudioVersion = 15.0.27130.2010
MinimumVisualStudioVersion = 10.0.40219.1
Project("{E24C65DC-7377-472B-9ABA-BC803B73C61A}") = "TESTWEBSITE", "TESTWEBSITE\", "{8FE201A8-7E90-416A-B39C-07F4DC58B5CD}"
	ProjectSection(WebsiteProperties) = preProject
		TargetFrameworkMoniker = ".NETFramework,Version%3Dv4.6.1"
		Debug.AspNetCompiler.VirtualPath = "/localhost_52589"
		Debug.AspNetCompiler.PhysicalPath = "TESTWEBSITE\"
		Debug.AspNetCompiler.TargetPath = "PrecompiledWeb\localhost_52589\"
		Debug.AspNetCompiler.Updateable = "true"
		Debug.AspNetCompiler.ForceOverwrite = "true"
		Debug.AspNetCompiler.FixedNames = "false"
		Debug.AspNetCompiler.Debug = "True"
		Release.AspNetCompiler.VirtualPath = "/localhost_52589"
		Release.AspNetCompiler.PhysicalPath = "TESTWEBSITE\"
		Release.AspNetCompiler.TargetPath = "PrecompiledWeb\localhost_52589\"
		Release.AspNetCompiler.Updateable = "true"
		Release.AspNetCompiler.ForceOverwrite = "true"
		Release.AspNetCompiler.FixedNames = "false"
		Release.AspNetCompiler.Debug = "False"
		VWDPort = "52589"
		DefaultWebSiteLanguage = "Visual C#"
	EndProjectSection
EndProject
Global
	GlobalSection(SolutionConfigurationPlatforms) = preSolution
		Debug|Any CPU = Debug|Any CPU
	EndGlobalSection
	GlobalSection(ProjectConfigurationPlatforms) = postSolution
		{8FE201A8-7E90-416A-B39C-07F4DC58B5CD}.Debug|Any CPU.ActiveCfg = Debug|Any CPU
		{8FE201A8-7E90-416A-B39C-07F4DC58B5CD}.Debug|Any CPU.Build.0 = Debug|Any CPU
	EndGlobalSection
	GlobalSection(SolutionProperties) = preSolution
		HideSolutionNode = FALSE
	EndGlobalSection
	GlobalSection(ExtensibilityGlobals) = postSolution
		SolutionGuid = {69DF55DB-075B-4ECB-8007-7D520D2B6A8E}
	EndGlobalSection
EndGlobal
